
Microsoft Visual Studio Solution File, Format Version 12.00
# Visual Studio Version 16
VisualStudioVersion = 16.0.30711.63
MinimumVisualStudioVersion = 10.0.40219.1
Project("{FAE04EC0-301F-11D3-BF4B-00C04F79EFBC}") = "HelloWorld", "HelloWorld\HelloWorld.csproj", "{32C4AB0A-08CE-4E29-AFC5-39B53DA9F6E5}"
EndProject
Global
	GlobalSection(SolutionConfigurationPlatforms) = preSolution
		Debug|Any CPU = Debug|Any CPU
		Release|Any CPU = Release|Any CPU
	EndGlobalSection
	GlobalSection(ProjectConfigurationPlatforms) = postSolution
		{32C4AB0A-08CE-4E29-AFC5-39B53DA9F6E5}.Debug|Any CPU.ActiveCfg = Debug|Any CPU
		{32C4AB0A-08CE-4E29-AFC5-39B53DA9F6E5}.Debug|Any CPU.Build.0 = Debug|Any CPU
		{32C4AB0A-08CE-4E29-AFC5-39B53DA9F6E5}.Release|Any CPU.ActiveCfg = Release|Any CPU
		{32C4AB0A-08CE-4E29-AFC5-39B53DA9F6E5}.Release|Any CPU.Build.0 = Release|Any CPU
	EndGlobalSection
	GlobalSection(SolutionProperties) = preSolution
		HideSolutionNode = FALSE
	EndGlobalSection
	GlobalSection(ExtensibilityGlobals) = postSolution
		SolutionGuid = {10D69144-7853-4999-9418-5135DA2C7C58}
	EndGlobalSection
EndGlobal
